// !$*UTF8*$!
{
	archiveVersion = 1;
	classes = {
	};
	objectVersion = 50;
	objects = {

/* Begin PBXBuildFile section */
		9B8C5510246D486400A28857 /* AppDelegate.m in Sources */ = {isa = PBXBuildFile; fileRef = 9B8C550F246D486400A28857 /* AppDelegate.m */; };
		9B8C5513246D486400A28857 /* MyNotes_CoreData.xcdatamodeld in Sources */ = {isa = PBXBuildFile; fileRef = 9B8C5511246D486400A28857 /* MyNotes_CoreData.xcdatamodeld */; };
		9B8C5516246D486500A28857 /* SceneDelegate.m in Sources */ = {isa = PBXBuildFile; fileRef = 9B8C5515246D486500A28857 /* SceneDelegate.m */; };
		9B8C5519246D486500A28857 /* MasterViewController.m in Sources */ = {isa = PBXBuildFile; fileRef = 9B8C5518246D486500A28857 /* MasterViewController.m */; };
		9B8C551C246D486500A28857 /* DetailViewController.m in Sources */ = {isa = PBXBuildFile; fileRef = 9B8C551B246D486500A28857 /* DetailViewController.m */; };
		9B8C551F246D486500A28857 /* Main.storyboard in Resources */ = {isa = PBXBuildFile; fileRef = 9B8C551D246D486500A28857 /* Main.storyboard */; };
		9B8C5521246D486C00A28857 /* Assets.xcassets in Resources */ = {isa = PBXBuildFile; fileRef = 9B8C5520246D486C00A28857 /* Assets.xcassets */; };
		9B8C5524246D486C00A28857 /* LaunchScreen.storyboard in Resources */ = {isa = PBXBuildFile; fileRef = 9B8C5522246D486C00A28857 /* LaunchScreen.storyboard */; };
		9B8C5527246D486C00A28857 /* main.m in Sources */ = {isa = PBXBuildFile; fileRef = 9B8C5526246D486C00A28857 /* main.m */; };
		9B8C5532246D4B9000A28857 /* Note.m in Sources */ = {isa = PBXBuildFile; fileRef = 9B8C5531246D4B9000A28857 /* Note.m */; };
/* End PBXBuildFile section */

/* Begin PBXFileReference section */
		9B8C550B246D486400A28857 /* MyNotes_CoreData.app */ = {isa = PBXFileReference; explicitFileType = wrapper.application; includeInIndex = 0; path = MyNotes_CoreData.app; sourceTree = BUILT_PRODUCTS_DIR; };
		9B8C550E246D486400A28857 /* AppDelegate.h */ = {isa = PBXFileReference; lastKnownFileType = sourcecode.c.h; path = AppDelegate.h; sourceTree = "<group>"; };
		9B8C550F246D486400A28857 /* AppDelegate.m */ = {isa = PBXFileReference; lastKnownFileType = sourcecode.c.objc; path = AppDelegate.m; sourceTree = "<group>"; };
		9B8C5512246D486400A28857 /* MyNotes_CoreData.xcdatamodel */ = {isa = PBXFileReference; lastKnownFileType = wrapper.xcdatamodel; path = MyNotes_CoreData.xcdatamodel; sourceTree = "<group>"; };
		9B8C5514246D486400A28857 /* SceneDelegate.h */ = {isa = PBXFileReference; lastKnownFileType = sourcecode.c.h; path = SceneDelegate.h; sourceTree = "<group>"; };
		9B8C5515246D486500A28857 /* SceneDelegate.m */ = {isa = PBXFileReference; lastKnownFileType = sourcecode.c.objc; path = SceneDelegate.m; sourceTree = "<group>"; };
		9B8C5517246D486500A28857 /* MasterViewController.h */ = {isa = PBXFileReference; lastKnownFileType = sourcecode.c.h; path = MasterViewController.h; sourceTree = "<group>"; };
		9B8C5518246D486500A28857 /* MasterViewController.m */ = {isa = PBXFileReference; lastKnownFileType = sourcecode.c.objc; path = MasterViewController.m; sourceTree = "<group>"; };
		9B8C551A246D486500A28857 /* DetailViewController.h */ = {isa = PBXFileReference; lastKnownFileType = sourcecode.c.h; path = DetailViewController.h; sourceTree = "<group>"; };
		9B8C551B246D486500A28857 /* DetailViewController.m */ = {isa = PBXFileReference; lastKnownFileType = sourcecode.c.objc; path = DetailViewController.m; sourceTree = "<group>"; };
		9B8C551E246D486500A28857 /* Base */ = {isa = PBXFileReference; lastKnownFileType = file.storyboard; name = Base; path = Base.lproj/Main.storyboard; sourceTree = "<group>"; };
		9B8C5520246D486C00A28857 /* Assets.xcassets */ = {isa = PBXFileReference; lastKnownFileType = folder.assetcatalog; path = Assets.xcassets; sourceTree = "<group>"; };
		9B8C5523246D486C00A28857 /* Base */ = {isa = PBXFileReference; lastKnownFileType = file.storyboard; name = Base; path = Base.lproj/LaunchScreen.storyboard; sourceTree = "<group>"; };
		9B8C5525246D486C00A28857 /* Info.plist */ = {isa = PBXFileReference; lastKnownFileType = text.plist.xml; path = Info.plist; sourceTree = "<group>"; };
		9B8C5526246D486C00A28857 /* main.m */ = {isa = PBXFileReference; lastKnownFileType = sourcecode.c.objc; path = main.m; sourceTree = "<group>"; };
		9B8C5530246D493D00A28857 /* Note.h */ = {isa = PBXFileReference; lastKnownFileType = sourcecode.c.h; path = Note.h; sourceTree = "<group>"; };
		9B8C5531246D4B9000A28857 /* Note.m */ = {isa = PBXFileReference; lastKnownFileType = sourcecode.c.objc; path = Note.m; sourceTree = "<group>"; };
/* End PBXFileReference section */

/* Begin PBXFrameworksBuildPhase section */
		9B8C5508246D486400A28857 /* Frameworks */ = {
			isa = PBXFrameworksBuildPhase;
			buildActionMask = 2147483647;
			files = (
			);
			runOnlyForDeploymentPostprocessing = 0;
		};
/* End PBXFrameworksBuildPhase section */

/* Begin PBXGroup section */
		9B8C5502246D486400A28857 = {
			isa = PBXGroup;
			children = (
				9B8C552D246D489400A28857 /* model */,
				9B8C550D246D486400A28857 /* MyNotes_CoreData */,
				9B8C550C246D486400A28857 /* Products */,
			);
			sourceTree = "<group>";
		};
		9B8C550C246D486400A28857 /* Products */ = {
			isa = PBXGroup;
			children = (
				9B8C550B246D486400A28857 /* MyNotes_CoreData.app */,
			);
			name = Products;
			sourceTree = "<group>";
		};
		9B8C550D246D486400A28857 /* MyNotes_CoreData */ = {
			isa = PBXGroup;
			children = (
				9B8C550E246D486400A28857 /* AppDelegate.h */,
				9B8C550F246D486400A28857 /* AppDelegate.m */,
				9B8C5514246D486400A28857 /* SceneDelegate.h */,
				9B8C5515246D486500A28857 /* SceneDelegate.m */,
				9B8C5517246D486500A28857 /* MasterViewController.h */,
				9B8C5518246D486500A28857 /* MasterViewController.m */,
				9B8C551A246D486500A28857 /* DetailViewController.h */,
				9B8C551B246D486500A28857 /* DetailViewController.m */,
				9B8C551D246D486500A28857 /* Main.storyboard */,
				9B8C5520246D486C00A28857 /* Assets.xcassets */,
				9B8C5522246D486C00A28857 /* LaunchScreen.storyboard */,
				9B8C5525246D486C00A28857 /* Info.plist */,
				9B8C5526246D486C00A28857 /* main.m */,
			);
			path = MyNotes_CoreData;
			sourceTree = "<group>";
		};
		9B8C552D246D489400A28857 /* model */ = {
			isa = PBXGroup;
			children = (
				9B8C552F246D492600A28857 /* domain */,
				9B8C552E246D492000A28857 /* dao */,
				9B8C5511246D486400A28857 /* MyNotes_CoreData.xcdatamodeld */,
			);
			path = model;
			sourceTree = "<group>";
		};
		9B8C552E246D492000A28857 /* dao */ = {
			isa = PBXGroup;
			children = (
			);
			path = dao;
			sourceTree = "<group>";
		};
		9B8C552F246D492600A28857 /* domain */ = {
			isa = PBXGroup;
			children = (
				9B8C5530246D493D00A28857 /* Note.h */,
				9B8C5531246D4B9000A28857 /* Note.m */,
			);
			path = domain;
			sourceTree = "<group>";
		};
/* End PBXGroup section */

/* Begin PBXNativeTarget section */
		9B8C550A246D486400A28857 /* MyNotes_CoreData */ = {
			isa = PBXNativeTarget;
			buildConfigurationList = 9B8C552A246D486C00A28857 /* Build configuration list for PBXNativeTarget "MyNotes_CoreData" */;
			buildPhases = (
				9B8C5507246D486400A28857 /* Sources */,
				9B8C5508246D486400A28857 /* Frameworks */,
				9B8C5509246D486400A28857 /* Resources */,
			);
			buildRules = (
			);
			dependencies = (
			);
			name = MyNotes_CoreData;
			productName = MyNotes_CoreData;
			productReference = 9B8C550B246D486400A28857 /* MyNotes_CoreData.app */;
			productType = "com.apple.product-type.application";
		};
/* End PBXNativeTarget section */

/* Begin PBXProject section */
		9B8C5503246D486400A28857 /* Project object */ = {
			isa = PBXProject;
			attributes = {
				LastUpgradeCheck = 1140;
				ORGANIZATIONNAME = "俊杰李";
				TargetAttributes = {
					9B8C550A246D486400A28857 = {
						CreatedOnToolsVersion = 11.4.1;
					};
				};
			};
			buildConfigurationList = 9B8C5506246D486400A28857 /* Build configuration list for PBXProject "MyNotes_CoreData" */;
			compatibilityVersion = "Xcode 9.3";
			developmentRegion = en;
			hasScannedForEncodings = 0;
			knownRegions = (
				en,
				Base,
			);
			mainGroup = 9B8C5502246D486400A28857;
			productRefGroup = 9B8C550C246D486400A28857 /* Products */;
			projectDirPath = "";
			projectRoot = "";
			targets = (
				9B8C550A246D486400A28857 /* MyNotes_CoreData */,
			);
		};
/* End PBXProject section */

/* Begin PBXResourcesBuildPhase section */
		9B8C5509246D486400A28857 /* Resources */ = {
			isa = PBXResourcesBuildPhase;
			buildActionMask = 2147483647;
			files = (
				9B8C5524246D486C00A28857 /* LaunchScreen.storyboard in Resources */,
				9B8C5521246D486C00A28857 /* Assets.xcassets in Resources */,
				9B8C551F246D486500A28857 /* Main.storyboard in Resources */,
			);
			runOnlyForDeploymentPostprocessing = 0;
		};
/* End PBXResourcesBuildPhase section */

/* Begin PBXSourcesBuildPhase section */
		9B8C5507246D486400A28857 /* Sources */ = {
			isa = PBXSourcesBuildPhase;
			buildActionMask = 2147483647;
			files = (
				9B8C551C246D486500A28857 /* DetailViewController.m in Sources */,
				9B8C5519246D486500A28857 /* MasterViewController.m in Sources */,
				9B8C5513246D486400A28857 /* MyNotes_CoreData.xcdatamodeld in Sources */,
				9B8C5516246D486500A28857 /* SceneDelegate.m in Sources */,
				9B8C5527246D486C00A28857 /* main.m in Sources */,
				9B8C5532246D4B9000A28857 /* Note.m in Sources */,
				9B8C5510246D486400A28857 /* AppDelegate.m in Sources */,
			);
			runOnlyForDeploymentPostprocessing = 0;
		};
/* End PBXSourcesBuildPhase section */

/* Begin PBXVariantGroup section */
		9B8C551D246D486500A28857 /* Main.storyboard */ = {
			isa = PBXVariantGroup;
			children = (
				9B8C551E246D486500A28857 /* Base */,
			);
			name = Main.storyboard;
			sourceTree = "<group>";
		};
		9B8C5522246D486C00A28857 /* LaunchScreen.storyboard */ = {
			isa = PBXVariantGroup;
			children = (
				9B8C5523246D486C00A28857 /* Base */,
			);
			name = LaunchScreen.storyboard;
			sourceTree = "<group>";
		};
/* End PBXVariantGroup section */

/* Begin XCBuildConfiguration section */
		9B8C5528246D486C00A28857 /* Debug */ = {
			isa = XCBuildConfiguration;
			buildSettings = {
				ALWAYS_SEARCH_USER_PATHS = NO;
				CLANG_ANALYZER_NONNULL = YES;
				CLANG_ANALYZER_NUMBER_OBJECT_CONVERSION = YES_AGGRESSIVE;
				CLANG_CXX_LANGUAGE_STANDARD = "gnu++14";
				CLANG_CXX_LIBRARY = "libc++";
				CLANG_ENABLE_MODULES = YES;
				CLANG_ENABLE_OBJC_ARC = YES;
				CLANG_ENABLE_OBJC_WEAK = YES;
				CLANG_WARN_BLOCK_CAPTURE_AUTORELEASING = YES;
				CLANG_WARN_BOOL_CONVERSION = YES;
				CLANG_WARN_COMMA = YES;
				CLANG_WARN_CONSTANT_CONVERSION = YES;
				CLANG_WARN_DEPRECATED_OBJC_IMPLEMENTATIONS = YES;
				CLANG_WARN_DIRECT_OBJC_ISA_USAGE = YES_ERROR;
				CLANG_WARN_DOCUMENTATION_COMMENTS = YES;
				CLANG_WARN_EMPTY_BODY = YES;
				CLANG_WARN_ENUM_CONVERSION = YES;
				CLANG_WARN_INFINITE_RECURSION = YES;
				CLANG_WARN_INT_CONVERSION = YES;
				CLANG_WARN_NON_LITERAL_NULL_CONVERSION = YES;
				CLANG_WARN_OBJC_IMPLICIT_RETAIN_SELF = YES;
				CLANG_WARN_OBJC_LITERAL_CONVERSION = YES;
				CLANG_WARN_OBJC_ROOT_CLASS = YES_ERROR;
				CLANG_WARN_RANGE_LOOP_ANALYSIS = YES;
				CLANG_WARN_STRICT_PROTOTYPES = YES;
				CLANG_WARN_SUSPICIOUS_MOVE = YES;
				CLANG_WARN_UNGUARDED_AVAILABILITY = YES_AGGRESSIVE;
				CLANG_WARN_UNREACHABLE_CODE = YES;
				CLANG_WARN__DUPLICATE_METHOD_MATCH = YES;
				COPY_PHASE_STRIP = NO;
				DEBUG_INFORMATION_FORMAT = dwarf;
				ENABLE_STRICT_OBJC_MSGSEND = YES;
				ENABLE_TESTABILITY = YES;
				GCC_C_LANGUAGE_STANDARD = gnu11;
				GCC_DYNAMIC_NO_PIC = NO;
				GCC_NO_COMMON_BLOCKS = YES;
				GCC_OPTIMIZATION_LEVEL = 0;
				GCC_PREPROCESSOR_DEFINITIONS = (
					"DEBUG=1",
					"$(inherited)",
				);
				GCC_WARN_64_TO_32_BIT_CONVERSION = YES;
				GCC_WARN_ABOUT_RETURN_TYPE = YES_ERROR;
				GCC_WARN_UNDECLARED_SELECTOR = YES;
				GCC_WARN_UNINITIALIZED_AUTOS = YES_AGGRESSIVE;
				GCC_WARN_UNUSED_FUNCTION = YES;
				GCC_WARN_UNUSED_VARIABLE = YES;
				IPHONEOS_DEPLOYMENT_TARGET = 13.4;
				MTL_ENABLE_DEBUG_INFO = INCLUDE_SOURCE;
				MTL_FAST_MATH = YES;
				ONLY_ACTIVE_ARCH = YES;
				SDKROOT = iphoneos;
			};
			name = Debug;
		};
		9B8C5529246D486C00A28857 /* Release */ = {
			isa = XCBuildConfiguration;
			buildSettings = {
				ALWAYS_SEARCH_USER_PATHS = NO;
				CLANG_ANALYZER_NONNULL = YES;
				CLANG_ANALYZER_NUMBER_OBJECT_CONVERSION = YES_AGGRESSIVE;
				CLANG_CXX_LANGUAGE_STANDARD = "gnu++14";
				CLANG_CXX_LIBRARY = "libc++";
				CLANG_ENABLE_MODULES = YES;
				CLANG_ENABLE_OBJC_ARC = YES;
				CLANG_ENABLE_OBJC_WEAK = YES;
				CLANG_WARN_BLOCK_CAPTURE_AUTORELEASING = YES;
				CLANG_WARN_BOOL_CONVERSION = YES;
				CLANG_WARN_COMMA = YES;
				CLANG_WARN_CONSTANT_CONVERSION = YES;
				CLANG_WARN_DEPRECATED_OBJC_IMPLEMENTATIONS = YES;
				CLANG_WARN_DIRECT_OBJC_ISA_USAGE = YES_ERROR;
				CLANG_WARN_DOCUMENTATION_COMMENTS = YES;
				CLANG_WARN_EMPTY_BODY = YES;
				CLANG_WARN_ENUM_CONVERSION = YES;
				CLANG_WARN_INFINITE_RECURSION = YES;
				CLANG_WARN_INT_CONVERSION = YES;
				CLANG_WARN_NON_LITERAL_NULL_CONVERSION = YES;
				CLANG_WARN_OBJC_IMPLICIT_RETAIN_SELF = YES;
				CLANG_WARN_OBJC_LITERAL_CONVERSION = YES;
				CLANG_WARN_OBJC_ROOT_CLASS = YES_ERROR;
				CLANG_WARN_RANGE_LOOP_ANALYSIS = YES;
				CLANG_WARN_STRICT_PROTOTYPES = YES;
				CLANG_WARN_SUSPICIOUS_MOVE = YES;
				CLANG_WARN_UNGUARDED_AVAILABILITY = YES_AGGRESSIVE;
				CLANG_WARN_UNREACHABLE_CODE = YES;
				CLANG_WARN__DUPLICATE_METHOD_MATCH = YES;
				COPY_PHASE_STRIP = NO;
				DEBUG_INFORMATION_FORMAT = "dwarf-with-dsym";
				ENABLE_NS_ASSERTIONS = NO;
				ENABLE_STRICT_OBJC_MSGSEND = YES;
				GCC_C_LANGUAGE_STANDARD = gnu11;
				GCC_NO_COMMON_BLOCKS = YES;
				GCC_WARN_64_TO_32_BIT_CONVERSION = YES;
				GCC_WARN_ABOUT_RETURN_TYPE = YES_ERROR;
				GCC_WARN_UNDECLARED_SELECTOR = YES;
				GCC_WARN_UNINITIALIZED_AUTOS = YES_AGGRESSIVE;
				GCC_WARN_UNUSED_FUNCTION = YES;
				GCC_WARN_UNUSED_VARIABLE = YES;
				IPHONEOS_DEPLOYMENT_TARGET = 13.4;
				MTL_ENABLE_DEBUG_INFO = NO;
				MTL_FAST_MATH = YES;
				SDKROOT = iphoneos;
				VALIDATE_PRODUCT = YES;
			};
			name = Release;
		};
		9B8C552B246D486C00A28857 /* Debug */ = {
			isa = XCBuildConfiguration;
			buildSettings = {
				ASSETCATALOG_COMPILER_APPICON_NAME = AppIcon;
				CODE_SIGN_STYLE = Automatic;
				DEVELOPMENT_TEAM = 775MQGAGK4;
				INFOPLIST_FILE = MyNotes_CoreData/Info.plist;
				LD_RUNPATH_SEARCH_PATHS = (
					"$(inherited)",
					"@executable_path/Frameworks",
				);
				PRODUCT_BUNDLE_IDENTIFIER = "com.annis.MyNotes-CoreData";
				PRODUCT_NAME = "$(TARGET_NAME)";
				TARGETED_DEVICE_FAMILY = "1,2";
			};
			name = Debug;
		};
		9B8C552C246D486C00A28857 /* Release */ = {
			isa = XCBuildConfiguration;
			buildSettings = {
				ASSETCATALOG_COMPILER_APPICON_NAME = AppIcon;
				CODE_SIGN_STYLE = Automatic;
				DEVELOPMENT_TEAM = 775MQGAGK4;
				INFOPLIST_FILE = MyNotes_CoreData/Info.plist;
				LD_RUNPATH_SEARCH_PATHS = (
					"$(inherited)",
					"@executable_path/Frameworks",
				);
				PRODUCT_BUNDLE_IDENTIFIER = "com.annis.MyNotes-CoreData";
				PRODUCT_NAME = "$(TARGET_NAME)";
				TARGETED_DEVICE_FAMILY = "1,2";
			};
			name = Release;
		};
/* End XCBuildConfiguration section */

/* Begin XCConfigurationList section */
		9B8C5506246D486400A28857 /* Build configuration list for PBXProject "MyNotes_CoreData" */ = {
			isa = XCConfigurationList;
			buildConfigurations = (
				9B8C5528246D486C00A28857 /* Debug */,
				9B8C5529246D486C00A28857 /* Release */,
			);
			defaultConfigurationIsVisible = 0;
			defaultConfigurationName = Release;
		};
		9B8C552A246D486C00A28857 /* Build configuration list for PBXNativeTarget "MyNotes_CoreData" */ = {
			isa = XCConfigurationList;
			buildConfigurations = (
				9B8C552B246D486C00A28857 /* Debug */,
				9B8C552C246D486C00A28857 /* Release */,
			);
			defaultConfigurationIsVisible = 0;
			defaultConfigurationName = Release;
		};
/* End XCConfigurationList section */

/* Begin XCVersionGroup section */
		9B8C5511246D486400A28857 /* MyNotes_CoreData.xcdatamodeld */ = {
			isa = XCVersionGroup;
			children = (
				9B8C5512246D486400A28857 /* MyNotes_CoreData.xcdatamodel */,
			);
			currentVersion = 9B8C5512246D486400A28857 /* MyNotes_CoreData.xcdatamodel */;
			path = MyNotes_CoreData.xcdatamodeld;
			sourceTree = "<group>";
			versionGroupType = wrapper.xcdatamodel;
		};
/* End XCVersionGroup section */
	};
	rootObject = 9B8C5503246D486400A28857 /* Project object */;
}
