// !$*UTF8*$!
{
	archiveVersion = 1;
	classes = {
	};
	objectVersion = 50;
	objects = {

/* Begin PBXBuildFile section */
		9B1FEDB6246C1B32002E070D /* Note.swift in Sources */ = {isa = PBXBuildFile; fileRef = 9B1FEDB5246C1B32002E070D /* Note.swift */; };
		9B1FEDBB246C1D3B002E070D /* NoteDao.swift in Sources */ = {isa = PBXBuildFile; fileRef = 9B1FEDBA246C1D3B002E070D /* NoteDao.swift */; };
		9B8C5501246CF29100A28857 /* AddViewController.swift in Sources */ = {isa = PBXBuildFile; fileRef = 9B8C5500246CF29100A28857 /* AddViewController.swift */; };
		9B918A8A246BCE4900705D65 /* AppDelegate.swift in Sources */ = {isa = PBXBuildFile; fileRef = 9B918A89246BCE4900705D65 /* AppDelegate.swift */; };
		9B918A8C246BCE4900705D65 /* SceneDelegate.swift in Sources */ = {isa = PBXBuildFile; fileRef = 9B918A8B246BCE4900705D65 /* SceneDelegate.swift */; };
		9B918A8E246BCE4900705D65 /* MasterViewController.swift in Sources */ = {isa = PBXBuildFile; fileRef = 9B918A8D246BCE4900705D65 /* MasterViewController.swift */; };
		9B918A90246BCE4900705D65 /* DetailViewController.swift in Sources */ = {isa = PBXBuildFile; fileRef = 9B918A8F246BCE4900705D65 /* DetailViewController.swift */; };
		9B918A93246BCE4900705D65 /* Main.storyboard in Resources */ = {isa = PBXBuildFile; fileRef = 9B918A91246BCE4900705D65 /* Main.storyboard */; };
		9B918A95246BCE4C00705D65 /* Assets.xcassets in Resources */ = {isa = PBXBuildFile; fileRef = 9B918A94246BCE4C00705D65 /* Assets.xcassets */; };
		9B918A98246BCE4C00705D65 /* LaunchScreen.storyboard in Resources */ = {isa = PBXBuildFile; fileRef = 9B918A96246BCE4C00705D65 /* LaunchScreen.storyboard */; };
		9B918AA1246BCF0A00705D65 /* libsqlite3.0.tbd in Frameworks */ = {isa = PBXBuildFile; fileRef = 9B918AA0246BCF0A00705D65 /* libsqlite3.0.tbd */; };
/* End PBXBuildFile section */

/* Begin PBXFileReference section */
		9B1FEDB5246C1B32002E070D /* Note.swift */ = {isa = PBXFileReference; lastKnownFileType = sourcecode.swift; path = Note.swift; sourceTree = "<group>"; };
		9B1FEDB7246C1D16002E070D /* MyNote_Swift-Bridging-Header.h */ = {isa = PBXFileReference; lastKnownFileType = sourcecode.c.h; path = "MyNote_Swift-Bridging-Header.h"; sourceTree = "<group>"; };
		9B1FEDBA246C1D3B002E070D /* NoteDao.swift */ = {isa = PBXFileReference; lastKnownFileType = sourcecode.swift; path = NoteDao.swift; sourceTree = "<group>"; };
		9B8C5500246CF29100A28857 /* AddViewController.swift */ = {isa = PBXFileReference; lastKnownFileType = sourcecode.swift; path = AddViewController.swift; sourceTree = "<group>"; };
		9B918A86246BCE4800705D65 /* MyNote_Swift.app */ = {isa = PBXFileReference; explicitFileType = wrapper.application; includeInIndex = 0; path = MyNote_Swift.app; sourceTree = BUILT_PRODUCTS_DIR; };
		9B918A89246BCE4900705D65 /* AppDelegate.swift */ = {isa = PBXFileReference; lastKnownFileType = sourcecode.swift; path = AppDelegate.swift; sourceTree = "<group>"; };
		9B918A8B246BCE4900705D65 /* SceneDelegate.swift */ = {isa = PBXFileReference; lastKnownFileType = sourcecode.swift; path = SceneDelegate.swift; sourceTree = "<group>"; };
		9B918A8D246BCE4900705D65 /* MasterViewController.swift */ = {isa = PBXFileReference; lastKnownFileType = sourcecode.swift; path = MasterViewController.swift; sourceTree = "<group>"; };
		9B918A8F246BCE4900705D65 /* DetailViewController.swift */ = {isa = PBXFileReference; lastKnownFileType = sourcecode.swift; path = DetailViewController.swift; sourceTree = "<group>"; };
		9B918A92246BCE4900705D65 /* Base */ = {isa = PBXFileReference; lastKnownFileType = file.storyboard; name = Base; path = Base.lproj/Main.storyboard; sourceTree = "<group>"; };
		9B918A94246BCE4C00705D65 /* Assets.xcassets */ = {isa = PBXFileReference; lastKnownFileType = folder.assetcatalog; path = Assets.xcassets; sourceTree = "<group>"; };
		9B918A97246BCE4C00705D65 /* Base */ = {isa = PBXFileReference; lastKnownFileType = file.storyboard; name = Base; path = Base.lproj/LaunchScreen.storyboard; sourceTree = "<group>"; };
		9B918A99246BCE4C00705D65 /* Info.plist */ = {isa = PBXFileReference; lastKnownFileType = text.plist.xml; path = Info.plist; sourceTree = "<group>"; };
		9B918AA0246BCF0A00705D65 /* libsqlite3.0.tbd */ = {isa = PBXFileReference; lastKnownFileType = "sourcecode.text-based-dylib-definition"; name = libsqlite3.0.tbd; path = usr/lib/libsqlite3.0.tbd; sourceTree = SDKROOT; };
/* End PBXFileReference section */

/* Begin PBXFrameworksBuildPhase section */
		9B918A83246BCE4800705D65 /* Frameworks */ = {
			isa = PBXFrameworksBuildPhase;
			buildActionMask = 2147483647;
			files = (
				9B918AA1246BCF0A00705D65 /* libsqlite3.0.tbd in Frameworks */,
			);
			runOnlyForDeploymentPostprocessing = 0;
		};
/* End PBXFrameworksBuildPhase section */

/* Begin PBXGroup section */
		9B1FEDB1246C1B09002E070D /* model */ = {
			isa = PBXGroup;
			children = (
				9B1FEDB3246C1B18002E070D /* dao */,
				9B1FEDB2246C1B11002E070D /* domain */,
				9B1FEDB7246C1D16002E070D /* MyNote_Swift-Bridging-Header.h */,
			);
			path = model;
			sourceTree = "<group>";
		};
		9B1FEDB2246C1B11002E070D /* domain */ = {
			isa = PBXGroup;
			children = (
				9B1FEDB5246C1B32002E070D /* Note.swift */,
			);
			path = domain;
			sourceTree = "<group>";
		};
		9B1FEDB3246C1B18002E070D /* dao */ = {
			isa = PBXGroup;
			children = (
				9B1FEDBA246C1D3B002E070D /* NoteDao.swift */,
			);
			path = dao;
			sourceTree = "<group>";
		};
		9B918A7D246BCE4800705D65 = {
			isa = PBXGroup;
			children = (
				9B1FEDB1246C1B09002E070D /* model */,
				9B918A88246BCE4900705D65 /* MyNote_Swift */,
				9B918A87246BCE4800705D65 /* Products */,
				9B918A9F246BCF0A00705D65 /* Frameworks */,
			);
			sourceTree = "<group>";
		};
		9B918A87246BCE4800705D65 /* Products */ = {
			isa = PBXGroup;
			children = (
				9B918A86246BCE4800705D65 /* MyNote_Swift.app */,
			);
			name = Products;
			sourceTree = "<group>";
		};
		9B918A88246BCE4900705D65 /* MyNote_Swift */ = {
			isa = PBXGroup;
			children = (
				9B918A89246BCE4900705D65 /* AppDelegate.swift */,
				9B8C5500246CF29100A28857 /* AddViewController.swift */,
				9B918A8B246BCE4900705D65 /* SceneDelegate.swift */,
				9B918A8D246BCE4900705D65 /* MasterViewController.swift */,
				9B918A8F246BCE4900705D65 /* DetailViewController.swift */,
				9B918A91246BCE4900705D65 /* Main.storyboard */,
				9B918A94246BCE4C00705D65 /* Assets.xcassets */,
				9B918A96246BCE4C00705D65 /* LaunchScreen.storyboard */,
				9B918A99246BCE4C00705D65 /* Info.plist */,
			);
			path = MyNote_Swift;
			sourceTree = "<group>";
		};
		9B918A9F246BCF0A00705D65 /* Frameworks */ = {
			isa = PBXGroup;
			children = (
				9B918AA0246BCF0A00705D65 /* libsqlite3.0.tbd */,
			);
			name = Frameworks;
			sourceTree = "<group>";
		};
/* End PBXGroup section */

/* Begin PBXNativeTarget section */
		9B918A85246BCE4800705D65 /* MyNote_Swift */ = {
			isa = PBXNativeTarget;
			buildConfigurationList = 9B918A9C246BCE4C00705D65 /* Build configuration list for PBXNativeTarget "MyNote_Swift" */;
			buildPhases = (
				9B918A82246BCE4800705D65 /* Sources */,
				9B918A83246BCE4800705D65 /* Frameworks */,
				9B918A84246BCE4800705D65 /* Resources */,
			);
			buildRules = (
			);
			dependencies = (
			);
			name = MyNote_Swift;
			productName = MyNote_Swift;
			productReference = 9B918A86246BCE4800705D65 /* MyNote_Swift.app */;
			productType = "com.apple.product-type.application";
		};
/* End PBXNativeTarget section */

/* Begin PBXProject section */
		9B918A7E246BCE4800705D65 /* Project object */ = {
			isa = PBXProject;
			attributes = {
				LastSwiftUpdateCheck = 1140;
				LastUpgradeCheck = 1140;
				ORGANIZATIONNAME = "俊杰李";
				TargetAttributes = {
					9B918A85246BCE4800705D65 = {
						CreatedOnToolsVersion = 11.4.1;
						LastSwiftMigration = 1140;
					};
				};
			};
			buildConfigurationList = 9B918A81246BCE4800705D65 /* Build configuration list for PBXProject "MyNote_Swift" */;
			compatibilityVersion = "Xcode 9.3";
			developmentRegion = en;
			hasScannedForEncodings = 0;
			knownRegions = (
				en,
				Base,
			);
			mainGroup = 9B918A7D246BCE4800705D65;
			productRefGroup = 9B918A87246BCE4800705D65 /* Products */;
			projectDirPath = "";
			projectRoot = "";
			targets = (
				9B918A85246BCE4800705D65 /* MyNote_Swift */,
			);
		};
/* End PBXProject section */

/* Begin PBXResourcesBuildPhase section */
		9B918A84246BCE4800705D65 /* Resources */ = {
			isa = PBXResourcesBuildPhase;
			buildActionMask = 2147483647;
			files = (
				9B918A98246BCE4C00705D65 /* LaunchScreen.storyboard in Resources */,
				9B918A95246BCE4C00705D65 /* Assets.xcassets in Resources */,
				9B918A93246BCE4900705D65 /* Main.storyboard in Resources */,
			);
			runOnlyForDeploymentPostprocessing = 0;
		};
/* End PBXResourcesBuildPhase section */

/* Begin PBXSourcesBuildPhase section */
		9B918A82246BCE4800705D65 /* Sources */ = {
			isa = PBXSourcesBuildPhase;
			buildActionMask = 2147483647;
			files = (
				9B1FEDB6246C1B32002E070D /* Note.swift in Sources */,
				9B918A8A246BCE4900705D65 /* AppDelegate.swift in Sources */,
				9B8C5501246CF29100A28857 /* AddViewController.swift in Sources */,
				9B1FEDBB246C1D3B002E070D /* NoteDao.swift in Sources */,
				9B918A8C246BCE4900705D65 /* SceneDelegate.swift in Sources */,
				9B918A8E246BCE4900705D65 /* MasterViewController.swift in Sources */,
				9B918A90246BCE4900705D65 /* DetailViewController.swift in Sources */,
			);
			runOnlyForDeploymentPostprocessing = 0;
		};
/* End PBXSourcesBuildPhase section */

/* Begin PBXVariantGroup section */
		9B918A91246BCE4900705D65 /* Main.storyboard */ = {
			isa = PBXVariantGroup;
			children = (
				9B918A92246BCE4900705D65 /* Base */,
			);
			name = Main.storyboard;
			sourceTree = "<group>";
		};
		9B918A96246BCE4C00705D65 /* LaunchScreen.storyboard */ = {
			isa = PBXVariantGroup;
			children = (
				9B918A97246BCE4C00705D65 /* Base */,
			);
			name = LaunchScreen.storyboard;
			sourceTree = "<group>";
		};
/* End PBXVariantGroup section */

/* Begin XCBuildConfiguration section */
		9B918A9A246BCE4C00705D65 /* Debug */ = {
			isa = XCBuildConfiguration;
			buildSettings = {
				ALWAYS_SEARCH_USER_PATHS = NO;
				CLANG_ANALYZER_NONNULL = YES;
				CLANG_ANALYZER_NUMBER_OBJECT_CONVERSION = YES_AGGRESSIVE;
				CLANG_CXX_LANGUAGE_STANDARD = "gnu++14";
				CLANG_CXX_LIBRARY = "libc++";
				CLANG_ENABLE_MODULES = YES;
				CLANG_ENABLE_OBJC_ARC = YES;
				CLANG_ENABLE_OBJC_WEAK = YES;
				CLANG_WARN_BLOCK_CAPTURE_AUTORELEASING = YES;
				CLANG_WARN_BOOL_CONVERSION = YES;
				CLANG_WARN_COMMA = YES;
				CLANG_WARN_CONSTANT_CONVERSION = YES;
				CLANG_WARN_DEPRECATED_OBJC_IMPLEMENTATIONS = YES;
				CLANG_WARN_DIRECT_OBJC_ISA_USAGE = YES_ERROR;
				CLANG_WARN_DOCUMENTATION_COMMENTS = YES;
				CLANG_WARN_EMPTY_BODY = YES;
				CLANG_WARN_ENUM_CONVERSION = YES;
				CLANG_WARN_INFINITE_RECURSION = YES;
				CLANG_WARN_INT_CONVERSION = YES;
				CLANG_WARN_NON_LITERAL_NULL_CONVERSION = YES;
				CLANG_WARN_OBJC_IMPLICIT_RETAIN_SELF = YES;
				CLANG_WARN_OBJC_LITERAL_CONVERSION = YES;
				CLANG_WARN_OBJC_ROOT_CLASS = YES_ERROR;
				CLANG_WARN_RANGE_LOOP_ANALYSIS = YES;
				CLANG_WARN_STRICT_PROTOTYPES = YES;
				CLANG_WARN_SUSPICIOUS_MOVE = YES;
				CLANG_WARN_UNGUARDED_AVAILABILITY = YES_AGGRESSIVE;
				CLANG_WARN_UNREACHABLE_CODE = YES;
				CLANG_WARN__DUPLICATE_METHOD_MATCH = YES;
				COPY_PHASE_STRIP = NO;
				DEBUG_INFORMATION_FORMAT = dwarf;
				ENABLE_STRICT_OBJC_MSGSEND = YES;
				ENABLE_TESTABILITY = YES;
				GCC_C_LANGUAGE_STANDARD = gnu11;
				GCC_DYNAMIC_NO_PIC = NO;
				GCC_NO_COMMON_BLOCKS = YES;
				GCC_OPTIMIZATION_LEVEL = 0;
				GCC_PREPROCESSOR_DEFINITIONS = (
					"DEBUG=1",
					"$(inherited)",
				);
				GCC_WARN_64_TO_32_BIT_CONVERSION = YES;
				GCC_WARN_ABOUT_RETURN_TYPE = YES_ERROR;
				GCC_WARN_UNDECLARED_SELECTOR = YES;
				GCC_WARN_UNINITIALIZED_AUTOS = YES_AGGRESSIVE;
				GCC_WARN_UNUSED_FUNCTION = YES;
				GCC_WARN_UNUSED_VARIABLE = YES;
				IPHONEOS_DEPLOYMENT_TARGET = 13.4;
				MTL_ENABLE_DEBUG_INFO = INCLUDE_SOURCE;
				MTL_FAST_MATH = YES;
				ONLY_ACTIVE_ARCH = YES;
				SDKROOT = iphoneos;
				SWIFT_ACTIVE_COMPILATION_CONDITIONS = DEBUG;
				SWIFT_OPTIMIZATION_LEVEL = "-Onone";
			};
			name = Debug;
		};
		9B918A9B246BCE4C00705D65 /* Release */ = {
			isa = XCBuildConfiguration;
			buildSettings = {
				ALWAYS_SEARCH_USER_PATHS = NO;
				CLANG_ANALYZER_NONNULL = YES;
				CLANG_ANALYZER_NUMBER_OBJECT_CONVERSION = YES_AGGRESSIVE;
				CLANG_CXX_LANGUAGE_STANDARD = "gnu++14";
				CLANG_CXX_LIBRARY = "libc++";
				CLANG_ENABLE_MODULES = YES;
				CLANG_ENABLE_OBJC_ARC = YES;
				CLANG_ENABLE_OBJC_WEAK = YES;
				CLANG_WARN_BLOCK_CAPTURE_AUTORELEASING = YES;
				CLANG_WARN_BOOL_CONVERSION = YES;
				CLANG_WARN_COMMA = YES;
				CLANG_WARN_CONSTANT_CONVERSION = YES;
				CLANG_WARN_DEPRECATED_OBJC_IMPLEMENTATIONS = YES;
				CLANG_WARN_DIRECT_OBJC_ISA_USAGE = YES_ERROR;
				CLANG_WARN_DOCUMENTATION_COMMENTS = YES;
				CLANG_WARN_EMPTY_BODY = YES;
				CLANG_WARN_ENUM_CONVERSION = YES;
				CLANG_WARN_INFINITE_RECURSION = YES;
				CLANG_WARN_INT_CONVERSION = YES;
				CLANG_WARN_NON_LITERAL_NULL_CONVERSION = YES;
				CLANG_WARN_OBJC_IMPLICIT_RETAIN_SELF = YES;
				CLANG_WARN_OBJC_LITERAL_CONVERSION = YES;
				CLANG_WARN_OBJC_ROOT_CLASS = YES_ERROR;
				CLANG_WARN_RANGE_LOOP_ANALYSIS = YES;
				CLANG_WARN_STRICT_PROTOTYPES = YES;
				CLANG_WARN_SUSPICIOUS_MOVE = YES;
				CLANG_WARN_UNGUARDED_AVAILABILITY = YES_AGGRESSIVE;
				CLANG_WARN_UNREACHABLE_CODE = YES;
				CLANG_WARN__DUPLICATE_METHOD_MATCH = YES;
				COPY_PHASE_STRIP = NO;
				DEBUG_INFORMATION_FORMAT = "dwarf-with-dsym";
				ENABLE_NS_ASSERTIONS = NO;
				ENABLE_STRICT_OBJC_MSGSEND = YES;
				GCC_C_LANGUAGE_STANDARD = gnu11;
				GCC_NO_COMMON_BLOCKS = YES;
				GCC_WARN_64_TO_32_BIT_CONVERSION = YES;
				GCC_WARN_ABOUT_RETURN_TYPE = YES_ERROR;
				GCC_WARN_UNDECLARED_SELECTOR = YES;
				GCC_WARN_UNINITIALIZED_AUTOS = YES_AGGRESSIVE;
				GCC_WARN_UNUSED_FUNCTION = YES;
				GCC_WARN_UNUSED_VARIABLE = YES;
				IPHONEOS_DEPLOYMENT_TARGET = 13.4;
				MTL_ENABLE_DEBUG_INFO = NO;
				MTL_FAST_MATH = YES;
				SDKROOT = iphoneos;
				SWIFT_COMPILATION_MODE = wholemodule;
				SWIFT_OPTIMIZATION_LEVEL = "-O";
				VALIDATE_PRODUCT = YES;
			};
			name = Release;
		};
		9B918A9D246BCE4C00705D65 /* Debug */ = {
			isa = XCBuildConfiguration;
			buildSettings = {
				ASSETCATALOG_COMPILER_APPICON_NAME = AppIcon;
				CLANG_ENABLE_MODULES = YES;
				CODE_SIGN_STYLE = Automatic;
				DEVELOPMENT_TEAM = 775MQGAGK4;
				INFOPLIST_FILE = MyNote_Swift/Info.plist;
				LD_RUNPATH_SEARCH_PATHS = (
					"$(inherited)",
					"@executable_path/Frameworks",
				);
				PRODUCT_BUNDLE_IDENTIFIER = "com.annis.MyNote-Swift";
				PRODUCT_NAME = "$(TARGET_NAME)";
				SWIFT_OBJC_BRIDGING_HEADER = "model/MyNote_Swift-Bridging-Header.h";
				SWIFT_OPTIMIZATION_LEVEL = "-Onone";
				SWIFT_VERSION = 5.0;
				TARGETED_DEVICE_FAMILY = "1,2";
			};
			name = Debug;
		};
		9B918A9E246BCE4C00705D65 /* Release */ = {
			isa = XCBuildConfiguration;
			buildSettings = {
				ASSETCATALOG_COMPILER_APPICON_NAME = AppIcon;
				CLANG_ENABLE_MODULES = YES;
				CODE_SIGN_STYLE = Automatic;
				DEVELOPMENT_TEAM = 775MQGAGK4;
				INFOPLIST_FILE = MyNote_Swift/Info.plist;
				LD_RUNPATH_SEARCH_PATHS = (
					"$(inherited)",
					"@executable_path/Frameworks",
				);
				PRODUCT_BUNDLE_IDENTIFIER = "com.annis.MyNote-Swift";
				PRODUCT_NAME = "$(TARGET_NAME)";
				SWIFT_OBJC_BRIDGING_HEADER = "model/MyNote_Swift-Bridging-Header.h";
				SWIFT_VERSION = 5.0;
				TARGETED_DEVICE_FAMILY = "1,2";
			};
			name = Release;
		};
/* End XCBuildConfiguration section */

/* Begin XCConfigurationList section */
		9B918A81246BCE4800705D65 /* Build configuration list for PBXProject "MyNote_Swift" */ = {
			isa = XCConfigurationList;
			buildConfigurations = (
				9B918A9A246BCE4C00705D65 /* Debug */,
				9B918A9B246BCE4C00705D65 /* Release */,
			);
			defaultConfigurationIsVisible = 0;
			defaultConfigurationName = Release;
		};
		9B918A9C246BCE4C00705D65 /* Build configuration list for PBXNativeTarget "MyNote_Swift" */ = {
			isa = XCConfigurationList;
			buildConfigurations = (
				9B918A9D246BCE4C00705D65 /* Debug */,
				9B918A9E246BCE4C00705D65 /* Release */,
			);
			defaultConfigurationIsVisible = 0;
			defaultConfigurationName = Release;
		};
/* End XCConfigurationList section */
	};
	rootObject = 9B918A7E246BCE4800705D65 /* Project object */;
}
